
Microsoft Visual Studio Solution File, Format Version 12.00
# Visual Studio Version 17
VisualStudioVersion = 17.1.32414.318
MinimumVisualStudioVersion = 10.0.40219.1
Project("{9A19103F-16F7-4668-BE54-9A1E7A4F7556}") = "AssetTrakingSystem", "AssetTrakingSystem.csproj", "{04225BAD-B55D-4344-AE30-DF06CBD70388}"
EndProject
Global
	GlobalSection(SolutionConfigurationPlatforms) = preSolution
		Debug|Any CPU = Debug|Any CPU
		Release|Any CPU = Release|Any CPU
	EndGlobalSection
	GlobalSection(ProjectConfigurationPlatforms) = postSolution
		{04225BAD-B55D-4344-AE30-DF06CBD70388}.Debug|Any CPU.ActiveCfg = Debug|Any CPU
		{04225BAD-B55D-4344-AE30-DF06CBD70388}.Debug|Any CPU.Build.0 = Debug|Any CPU
		{04225BAD-B55D-4344-AE30-DF06CBD70388}.Release|Any CPU.ActiveCfg = Release|Any CPU
		{04225BAD-B55D-4344-AE30-DF06CBD70388}.Release|Any CPU.Build.0 = Release|Any CPU
	EndGlobalSection
	GlobalSection(SolutionProperties) = preSolution
		HideSolutionNode = FALSE
	EndGlobalSection
	GlobalSection(ExtensibilityGlobals) = postSolution
		SolutionGuid = {2D47EE86-AF1A-44B6-8C77-BF9F3ED0E58D}
	EndGlobalSection
EndGlobal
